
Microsoft Visual Studio Solution File, Format Version 12.00
# Visual Studio Version 17
VisualStudioVersion = 17.0.31903.59
MinimumVisualStudioVersion = 10.0.40219.1
Project("{2150E333-8FDC-42A3-9474-1A3956D46DE8}") = "dispatcher", "dispatcher", "{DF7245C7-C699-954A-C32D-5046B1471D66}"
EndProject
Project("{2150E333-8FDC-42A3-9474-1A3956D46DE8}") = "src", "src", "{8E5AE71D-D34B-AF3B-5C8F-8BBDD8575E38}"
EndProject
Project("{FAE04EC0-301F-11D3-BF4B-00C04F79EFBC}") = "Dispatcher.Api", "dispatcher\src\Dispatcher.Api\Dispatcher.Api.csproj", "{442585C0-9DE9-483E-8624-A81BA44DEFE6}"
EndProject
Project("{FAE04EC0-301F-11D3-BF4B-00C04F79EFBC}") = "Dispatcher.Application", "dispatcher\src\Dispatcher.Application\Dispatcher.Application.csproj", "{7D7A3ECD-0D33-4BF7-B2C6-2F5798166EB4}"
EndProject
Project("{FAE04EC0-301F-11D3-BF4B-00C04F79EFBC}") = "Dispatcher.Infrastructure", "dispatcher\src\Dispatcher.Infrastructure\Dispatcher.Infrastructure.csproj", "{DAB5C383-5650-4744-9604-0CC198B0114E}"
EndProject
Project("{2150E333-8FDC-42A3-9474-1A3956D46DE8}") = "tests", "tests", "{F873C9EF-7670-D299-05DD-7D16DC6E8F23}"
EndProject
Project("{FAE04EC0-301F-11D3-BF4B-00C04F79EFBC}") = "Dispatcher.UnitTests", "dispatcher\tests\Dispatcher.UnitTests\Dispatcher.UnitTests.csproj", "{CB128801-2A63-452D-B44A-5B2E2043E857}"
EndProject
Project("{FAE04EC0-301F-11D3-BF4B-00C04F79EFBC}") = "Dispatcher.IntegrationTests", "dispatcher\tests\Dispatcher.IntegrationTests\Dispatcher.IntegrationTests.csproj", "{644751FA-626C-445E-BA82-343D8C3B8D19}"
EndProject
Project("{2150E333-8FDC-42A3-9474-1A3956D46DE8}") = "services", "services", "{5854FF58-B8C5-05C6-5BF2-ACE42193F22B}"
EndProject
Project("{2150E333-8FDC-42A3-9474-1A3956D46DE8}") = "auth-service", "auth-service", "{7F6C3B85-1376-B120-7EF4-00D42A28B76F}"
EndProject
Project("{2150E333-8FDC-42A3-9474-1A3956D46DE8}") = "src", "src", "{8B0A4229-D05D-725C-CCF4-4343A7684B82}"
EndProject
Project("{FAE04EC0-301F-11D3-BF4B-00C04F79EFBC}") = "Auth.Api", "services\auth-service\src\Auth.Api\Auth.Api.csproj", "{66E61813-33B1-4F16-93F5-602F5E98E649}"
EndProject
Project("{FAE04EC0-301F-11D3-BF4B-00C04F79EFBC}") = "Auth.Application", "services\auth-service\src\Auth.Application\Auth.Application.csproj", "{C3C0A2DC-4A57-4F20-A06F-C0DDE1E2A81E}"
EndProject
Project("{FAE04EC0-301F-11D3-BF4B-00C04F79EFBC}") = "Auth.Infrastructure", "services\auth-service\src\Auth.Infrastructure\Auth.Infrastructure.csproj", "{BC7BAE4D-DDE1-4B32-B221-449FFCB48FCA}"
EndProject
Project("{FAE04EC0-301F-11D3-BF4B-00C04F79EFBC}") = "Auth.UnitTests", "services\auth-service\Auth.UnitTests\Auth.UnitTests.csproj", "{11EF929B-DD6E-4E0D-AD33-0B97FBA1DFAE}"
EndProject
Project("{2150E333-8FDC-42A3-9474-1A3956D46DE8}") = "fine-service", "fine-service", "{F5F1C2DA-70BC-E74A-B11F-A0E8F7DA6F4E}"
EndProject
Project("{2150E333-8FDC-42A3-9474-1A3956D46DE8}") = "src", "src", "{A9B681B3-CFA4-230D-2C56-CB78610633F5}"
EndProject
Project("{FAE04EC0-301F-11D3-BF4B-00C04F79EFBC}") = "Fine.Api", "services\fine-service\src\Fine.Api\Fine.Api.csproj", "{EE03A47D-2411-499B-87A2-3FB8B2F9C1F1}"
EndProject
Project("{FAE04EC0-301F-11D3-BF4B-00C04F79EFBC}") = "Fine.Application", "services\fine-service\src\Fine.Application\Fine.Application.csproj", "{585535DD-DE4B-4844-8824-8BB3051C92DA}"
EndProject
Project("{FAE04EC0-301F-11D3-BF4B-00C04F79EFBC}") = "Fine.Infrastructure", "services\fine-service\src\Fine.Infrastructure\Fine.Infrastructure.csproj", "{267487A6-7515-4094-B52A-35B1E50FA022}"
EndProject
Project("{FAE04EC0-301F-11D3-BF4B-00C04F79EFBC}") = "Fine.UnitTests", "services\fine-service\Fine.UnitTests\Fine.UnitTests.csproj", "{69315FE3-515F-4BDE-9E98-69CC049F4791}"
EndProject
Project("{2150E333-8FDC-42A3-9474-1A3956D46DE8}") = "traffic-service", "traffic-service", "{004C944D-3292-F589-3FB7-AF8DE6828D0B}"
EndProject
Project("{FAE04EC0-301F-11D3-BF4B-00C04F79EFBC}") = "Traffic.Api", "services\traffic-service\Traffic.Api\Traffic.Api.csproj", "{C914ABEB-4419-49E9-B766-B5628F140F9C}"
EndProject
Project("{FAE04EC0-301F-11D3-BF4B-00C04F79EFBC}") = "Traffic.Application", "services\traffic-service\Traffic.Application\Traffic.Application.csproj", "{C5302C3D-D035-4A48-850D-FD8109970F3B}"
EndProject
Project("{FAE04EC0-301F-11D3-BF4B-00C04F79EFBC}") = "Traffic.Infrastructure", "services\traffic-service\Traffic.Infrastructure\Traffic.Infrastructure.csproj", "{98A48E21-BA4E-472F-92B2-E4D1B58FB942}"
EndProject
Project("{FAE04EC0-301F-11D3-BF4B-00C04F79EFBC}") = "Traffic.UnitTests", "services\traffic-service\Traffic.UnitTests\Traffic.UnitTests.csproj", "{CDF1BBF2-83BB-417C-8BEC-C3114A5C7FAD}"
EndProject
Global
	GlobalSection(SolutionConfigurationPlatforms) = preSolution
		Debug|Any CPU = Debug|Any CPU
		Debug|x64 = Debug|x64
		Debug|x86 = Debug|x86
		Release|Any CPU = Release|Any CPU
		Release|x64 = Release|x64
		Release|x86 = Release|x86
	EndGlobalSection
	GlobalSection(ProjectConfigurationPlatforms) = postSolution
		{442585C0-9DE9-483E-8624-A81BA44DEFE6}.Debug|Any CPU.ActiveCfg = Debug|Any CPU
		{442585C0-9DE9-483E-8624-A81BA44DEFE6}.Debug|Any CPU.Build.0 = Debug|Any CPU
		{442585C0-9DE9-483E-8624-A81BA44DEFE6}.Debug|x64.ActiveCfg = Debug|Any CPU
		{442585C0-9DE9-483E-8624-A81BA44DEFE6}.Debug|x64.Build.0 = Debug|Any CPU
		{442585C0-9DE9-483E-8624-A81BA44DEFE6}.Debug|x86.ActiveCfg = Debug|Any CPU
		{442585C0-9DE9-483E-8624-A81BA44DEFE6}.Debug|x86.Build.0 = Debug|Any CPU
		{442585C0-9DE9-483E-8624-A81BA44DEFE6}.Release|Any CPU.ActiveCfg = Release|Any CPU
		{442585C0-9DE9-483E-8624-A81BA44DEFE6}.Release|Any CPU.Build.0 = Release|Any CPU
		{442585C0-9DE9-483E-8624-A81BA44DEFE6}.Release|x64.ActiveCfg = Release|Any CPU
		{442585C0-9DE9-483E-8624-A81BA44DEFE6}.Release|x64.Build.0 = Release|Any CPU
		{442585C0-9DE9-483E-8624-A81BA44DEFE6}.Release|x86.ActiveCfg = Release|Any CPU
		{442585C0-9DE9-483E-8624-A81BA44DEFE6}.Release|x86.Build.0 = Release|Any CPU
		{7D7A3ECD-0D33-4BF7-B2C6-2F5798166EB4}.Debug|Any CPU.ActiveCfg = Debug|Any CPU
		{7D7A3ECD-0D33-4BF7-B2C6-2F5798166EB4}.Debug|Any CPU.Build.0 = Debug|Any CPU
		{7D7A3ECD-0D33-4BF7-B2C6-2F5798166EB4}.Debug|x64.ActiveCfg = Debug|Any CPU
		{7D7A3ECD-0D33-4BF7-B2C6-2F5798166EB4}.Debug|x64.Build.0 = Debug|Any CPU
		{7D7A3ECD-0D33-4BF7-B2C6-2F5798166EB4}.Debug|x86.ActiveCfg = Debug|Any CPU
		{7D7A3ECD-0D33-4BF7-B2C6-2F5798166EB4}.Debug|x86.Build.0 = Debug|Any CPU
		{7D7A3ECD-0D33-4BF7-B2C6-2F5798166EB4}.Release|Any CPU.ActiveCfg = Release|Any CPU
		{7D7A3ECD-0D33-4BF7-B2C6-2F5798166EB4}.Release|Any CPU.Build.0 = Release|Any CPU
		{7D7A3ECD-0D33-4BF7-B2C6-2F5798166EB4}.Release|x64.ActiveCfg = Release|Any CPU
		{7D7A3ECD-0D33-4BF7-B2C6-2F5798166EB4}.Release|x64.Build.0 = Release|Any CPU
		{7D7A3ECD-0D33-4BF7-B2C6-2F5798166EB4}.Release|x86.ActiveCfg = Release|Any CPU
		{7D7A3ECD-0D33-4BF7-B2C6-2F5798166EB4}.Release|x86.Build.0 = Release|Any CPU
		{DAB5C383-5650-4744-9604-0CC198B0114E}.Debug|Any CPU.ActiveCfg = Debug|Any CPU
		{DAB5C383-5650-4744-9604-0CC198B0114E}.Debug|Any CPU.Build.0 = Debug|Any CPU
		{DAB5C383-5650-4744-9604-0CC198B0114E}.Debug|x64.ActiveCfg = Debug|Any CPU
		{DAB5C383-5650-4744-9604-0CC198B0114E}.Debug|x64.Build.0 = Debug|Any CPU
		{DAB5C383-5650-4744-9604-0CC198B0114E}.Debug|x86.ActiveCfg = Debug|Any CPU
		{DAB5C383-5650-4744-9604-0CC198B0114E}.Debug|x86.Build.0 = Debug|Any CPU
		{DAB5C383-5650-4744-9604-0CC198B0114E}.Release|Any CPU.ActiveCfg = Release|Any CPU
		{DAB5C383-5650-4744-9604-0CC198B0114E}.Release|Any CPU.Build.0 = Release|Any CPU
		{DAB5C383-5650-4744-9604-0CC198B0114E}.Release|x64.ActiveCfg = Release|Any CPU
		{DAB5C383-5650-4744-9604-0CC198B0114E}.Release|x64.Build.0 = Release|Any CPU
		{DAB5C383-5650-4744-9604-0CC198B0114E}.Release|x86.ActiveCfg = Release|Any CPU
		{DAB5C383-5650-4744-9604-0CC198B0114E}.Release|x86.Build.0 = Release|Any CPU
		{CB128801-2A63-452D-B44A-5B2E2043E857}.Debug|Any CPU.ActiveCfg = Debug|Any CPU
		{CB128801-2A63-452D-B44A-5B2E2043E857}.Debug|Any CPU.Build.0 = Debug|Any CPU
		{CB128801-2A63-452D-B44A-5B2E2043E857}.Debug|x64.ActiveCfg = Debug|Any CPU
		{CB128801-2A63-452D-B44A-5B2E2043E857}.Debug|x64.Build.0 = Debug|Any CPU
		{CB128801-2A63-452D-B44A-5B2E2043E857}.Debug|x86.ActiveCfg = Debug|Any CPU
		{CB128801-2A63-452D-B44A-5B2E2043E857}.Debug|x86.Build.0 = Debug|Any CPU
		{CB128801-2A63-452D-B44A-5B2E2043E857}.Release|Any CPU.ActiveCfg = Release|Any CPU
		{CB128801-2A63-452D-B44A-5B2E2043E857}.Release|Any CPU.Build.0 = Release|Any CPU
		{CB128801-2A63-452D-B44A-5B2E2043E857}.Release|x64.ActiveCfg = Release|Any CPU
		{CB128801-2A63-452D-B44A-5B2E2043E857}.Release|x64.Build.0 = Release|Any CPU
		{CB128801-2A63-452D-B44A-5B2E2043E857}.Release|x86.ActiveCfg = Release|Any CPU
		{CB128801-2A63-452D-B44A-5B2E2043E857}.Release|x86.Build.0 = Release|Any CPU
		{644751FA-626C-445E-BA82-343D8C3B8D19}.Debug|Any CPU.ActiveCfg = Debug|Any CPU
		{644751FA-626C-445E-BA82-343D8C3B8D19}.Debug|Any CPU.Build.0 = Debug|Any CPU
		{644751FA-626C-445E-BA82-343D8C3B8D19}.Debug|x64.ActiveCfg = Debug|Any CPU
		{644751FA-626C-445E-BA82-343D8C3B8D19}.Debug|x64.Build.0 = Debug|Any CPU
		{644751FA-626C-445E-BA82-343D8C3B8D19}.Debug|x86.ActiveCfg = Debug|Any CPU
		{644751FA-626C-445E-BA82-343D8C3B8D19}.Debug|x86.Build.0 = Debug|Any CPU
		{644751FA-626C-445E-BA82-343D8C3B8D19}.Release|Any CPU.ActiveCfg = Release|Any CPU
		{644751FA-626C-445E-BA82-343D8C3B8D19}.Release|Any CPU.Build.0 = Release|Any CPU
		{644751FA-626C-445E-BA82-343D8C3B8D19}.Release|x64.ActiveCfg = Release|Any CPU
		{644751FA-626C-445E-BA82-343D8C3B8D19}.Release|x64.Build.0 = Release|Any CPU
		{644751FA-626C-445E-BA82-343D8C3B8D19}.Release|x86.ActiveCfg = Release|Any CPU
		{644751FA-626C-445E-BA82-343D8C3B8D19}.Release|x86.Build.0 = Release|Any CPU
		{66E61813-33B1-4F16-93F5-602F5E98E649}.Debug|Any CPU.ActiveCfg = Debug|Any CPU
		{66E61813-33B1-4F16-93F5-602F5E98E649}.Debug|Any CPU.Build.0 = Debug|Any CPU
		{66E61813-33B1-4F16-93F5-602F5E98E649}.Debug|x64.ActiveCfg = Debug|Any CPU
		{66E61813-33B1-4F16-93F5-602F5E98E649}.Debug|x64.Build.0 = Debug|Any CPU
		{66E61813-33B1-4F16-93F5-602F5E98E649}.Debug|x86.ActiveCfg = Debug|Any CPU
		{66E61813-33B1-4F16-93F5-602F5E98E649}.Debug|x86.Build.0 = Debug|Any CPU
		{66E61813-33B1-4F16-93F5-602F5E98E649}.Release|Any CPU.ActiveCfg = Release|Any CPU
		{66E61813-33B1-4F16-93F5-602F5E98E649}.Release|Any CPU.Build.0 = Release|Any CPU
		{66E61813-33B1-4F16-93F5-602F5E98E649}.Release|x64.ActiveCfg = Release|Any CPU
		{66E61813-33B1-4F16-93F5-602F5E98E649}.Release|x64.Build.0 = Release|Any CPU
		{66E61813-33B1-4F16-93F5-602F5E98E649}.Release|x86.ActiveCfg = Release|Any CPU
		{66E61813-33B1-4F16-93F5-602F5E98E649}.Release|x86.Build.0 = Release|Any CPU
		{C3C0A2DC-4A57-4F20-A06F-C0DDE1E2A81E}.Debug|Any CPU.ActiveCfg = Debug|Any CPU
		{C3C0A2DC-4A57-4F20-A06F-C0DDE1E2A81E}.Debug|Any CPU.Build.0 = Debug|Any CPU
		{C3C0A2DC-4A57-4F20-A06F-C0DDE1E2A81E}.Debug|x64.ActiveCfg = Debug|Any CPU
		{C3C0A2DC-4A57-4F20-A06F-C0DDE1E2A81E}.Debug|x64.Build.0 = Debug|Any CPU
		{C3C0A2DC-4A57-4F20-A06F-C0DDE1E2A81E}.Debug|x86.ActiveCfg = Debug|Any CPU
		{C3C0A2DC-4A57-4F20-A06F-C0DDE1E2A81E}.Debug|x86.Build.0 = Debug|Any CPU
		{C3C0A2DC-4A57-4F20-A06F-C0DDE1E2A81E}.Release|Any CPU.ActiveCfg = Release|Any CPU
		{C3C0A2DC-4A57-4F20-A06F-C0DDE1E2A81E}.Release|Any CPU.Build.0 = Release|Any CPU
		{C3C0A2DC-4A57-4F20-A06F-C0DDE1E2A81E}.Release|x64.ActiveCfg = Release|Any CPU
		{C3C0A2DC-4A57-4F20-A06F-C0DDE1E2A81E}.Release|x64.Build.0 = Release|Any CPU
		{C3C0A2DC-4A57-4F20-A06F-C0DDE1E2A81E}.Release|x86.ActiveCfg = Release|Any CPU
		{C3C0A2DC-4A57-4F20-A06F-C0DDE1E2A81E}.Release|x86.Build.0 = Release|Any CPU
		{BC7BAE4D-DDE1-4B32-B221-449FFCB48FCA}.Debug|Any CPU.ActiveCfg = Debug|Any CPU
		{BC7BAE4D-DDE1-4B32-B221-449FFCB48FCA}.Debug|Any CPU.Build.0 = Debug|Any CPU
		{BC7BAE4D-DDE1-4B32-B221-449FFCB48FCA}.Debug|x64.ActiveCfg = Debug|Any CPU
		{BC7BAE4D-DDE1-4B32-B221-449FFCB48FCA}.Debug|x64.Build.0 = Debug|Any CPU
		{BC7BAE4D-DDE1-4B32-B221-449FFCB48FCA}.Debug|x86.ActiveCfg = Debug|Any CPU
		{BC7BAE4D-DDE1-4B32-B221-449FFCB48FCA}.Debug|x86.Build.0 = Debug|Any CPU
		{BC7BAE4D-DDE1-4B32-B221-449FFCB48FCA}.Release|Any CPU.ActiveCfg = Release|Any CPU
		{BC7BAE4D-DDE1-4B32-B221-449FFCB48FCA}.Release|Any CPU.Build.0 = Release|Any CPU
		{BC7BAE4D-DDE1-4B32-B221-449FFCB48FCA}.Release|x64.ActiveCfg = Release|Any CPU
		{BC7BAE4D-DDE1-4B32-B221-449FFCB48FCA}.Release|x64.Build.0 = Release|Any CPU
		{BC7BAE4D-DDE1-4B32-B221-449FFCB48FCA}.Release|x86.ActiveCfg = Release|Any CPU
		{BC7BAE4D-DDE1-4B32-B221-449FFCB48FCA}.Release|x86.Build.0 = Release|Any CPU
		{11EF929B-DD6E-4E0D-AD33-0B97FBA1DFAE}.Debug|Any CPU.ActiveCfg = Debug|Any CPU
		{11EF929B-DD6E-4E0D-AD33-0B97FBA1DFAE}.Debug|Any CPU.Build.0 = Debug|Any CPU
		{11EF929B-DD6E-4E0D-AD33-0B97FBA1DFAE}.Debug|x64.ActiveCfg = Debug|Any CPU
		{11EF929B-DD6E-4E0D-AD33-0B97FBA1DFAE}.Debug|x64.Build.0 = Debug|Any CPU
		{11EF929B-DD6E-4E0D-AD33-0B97FBA1DFAE}.Debug|x86.ActiveCfg = Debug|Any CPU
		{11EF929B-DD6E-4E0D-AD33-0B97FBA1DFAE}.Debug|x86.Build.0 = Debug|Any CPU
		{11EF929B-DD6E-4E0D-AD33-0B97FBA1DFAE}.Release|Any CPU.ActiveCfg = Release|Any CPU
		{11EF929B-DD6E-4E0D-AD33-0B97FBA1DFAE}.Release|Any CPU.Build.0 = Release|Any CPU
		{11EF929B-DD6E-4E0D-AD33-0B97FBA1DFAE}.Release|x64.ActiveCfg = Release|Any CPU
		{11EF929B-DD6E-4E0D-AD33-0B97FBA1DFAE}.Release|x64.Build.0 = Release|Any CPU
		{11EF929B-DD6E-4E0D-AD33-0B97FBA1DFAE}.Release|x86.ActiveCfg = Release|Any CPU
		{11EF929B-DD6E-4E0D-AD33-0B97FBA1DFAE}.Release|x86.Build.0 = Release|Any CPU
		{EE03A47D-2411-499B-87A2-3FB8B2F9C1F1}.Debug|Any CPU.ActiveCfg = Debug|Any CPU
		{EE03A47D-2411-499B-87A2-3FB8B2F9C1F1}.Debug|Any CPU.Build.0 = Debug|Any CPU
		{EE03A47D-2411-499B-87A2-3FB8B2F9C1F1}.Debug|x64.ActiveCfg = Debug|Any CPU
		{EE03A47D-2411-499B-87A2-3FB8B2F9C1F1}.Debug|x64.Build.0 = Debug|Any CPU
		{EE03A47D-2411-499B-87A2-3FB8B2F9C1F1}.Debug|x86.ActiveCfg = Debug|Any CPU
		{EE03A47D-2411-499B-87A2-3FB8B2F9C1F1}.Debug|x86.Build.0 = Debug|Any CPU
		{EE03A47D-2411-499B-87A2-3FB8B2F9C1F1}.Release|Any CPU.ActiveCfg = Release|Any CPU
		{EE03A47D-2411-499B-87A2-3FB8B2F9C1F1}.Release|Any CPU.Build.0 = Release|Any CPU
		{EE03A47D-2411-499B-87A2-3FB8B2F9C1F1}.Release|x64.ActiveCfg = Release|Any CPU
		{EE03A47D-2411-499B-87A2-3FB8B2F9C1F1}.Release|x64.Build.0 = Release|Any CPU
		{EE03A47D-2411-499B-87A2-3FB8B2F9C1F1}.Release|x86.ActiveCfg = Release|Any CPU
		{EE03A47D-2411-499B-87A2-3FB8B2F9C1F1}.Release|x86.Build.0 = Release|Any CPU
		{585535DD-DE4B-4844-8824-8BB3051C92DA}.Debug|Any CPU.ActiveCfg = Debug|Any CPU
		{585535DD-DE4B-4844-8824-8BB3051C92DA}.Debug|Any CPU.Build.0 = Debug|Any CPU
		{585535DD-DE4B-4844-8824-8BB3051C92DA}.Debug|x64.ActiveCfg = Debug|Any CPU
		{585535DD-DE4B-4844-8824-8BB3051C92DA}.Debug|x64.Build.0 = Debug|Any CPU
		{585535DD-DE4B-4844-8824-8BB3051C92DA}.Debug|x86.ActiveCfg = Debug|Any CPU
		{585535DD-DE4B-4844-8824-8BB3051C92DA}.Debug|x86.Build.0 = Debug|Any CPU
		{585535DD-DE4B-4844-8824-8BB3051C92DA}.Release|Any CPU.ActiveCfg = Release|Any CPU
		{585535DD-DE4B-4844-8824-8BB3051C92DA}.Release|Any CPU.Build.0 = Release|Any CPU
		{585535DD-DE4B-4844-8824-8BB3051C92DA}.Release|x64.ActiveCfg = Release|Any CPU
		{585535DD-DE4B-4844-8824-8BB3051C92DA}.Release|x64.Build.0 = Release|Any CPU
		{585535DD-DE4B-4844-8824-8BB3051C92DA}.Release|x86.ActiveCfg = Release|Any CPU
		{585535DD-DE4B-4844-8824-8BB3051C92DA}.Release|x86.Build.0 = Release|Any CPU
		{267487A6-7515-4094-B52A-35B1E50FA022}.Debug|Any CPU.ActiveCfg = Debug|Any CPU
		{267487A6-7515-4094-B52A-35B1E50FA022}.Debug|Any CPU.Build.0 = Debug|Any CPU
		{267487A6-7515-4094-B52A-35B1E50FA022}.Debug|x64.ActiveCfg = Debug|Any CPU
		{267487A6-7515-4094-B52A-35B1E50FA022}.Debug|x64.Build.0 = Debug|Any CPU
		{267487A6-7515-4094-B52A-35B1E50FA022}.Debug|x86.ActiveCfg = Debug|Any CPU
		{267487A6-7515-4094-B52A-35B1E50FA022}.Debug|x86.Build.0 = Debug|Any CPU
		{267487A6-7515-4094-B52A-35B1E50FA022}.Release|Any CPU.ActiveCfg = Release|Any CPU
		{267487A6-7515-4094-B52A-35B1E50FA022}.Release|Any CPU.Build.0 = Release|Any CPU
		{267487A6-7515-4094-B52A-35B1E50FA022}.Release|x64.ActiveCfg = Release|Any CPU
		{267487A6-7515-4094-B52A-35B1E50FA022}.Release|x64.Build.0 = Release|Any CPU
		{267487A6-7515-4094-B52A-35B1E50FA022}.Release|x86.ActiveCfg = Release|Any CPU
		{267487A6-7515-4094-B52A-35B1E50FA022}.Release|x86.Build.0 = Release|Any CPU
		{69315FE3-515F-4BDE-9E98-69CC049F4791}.Debug|Any CPU.ActiveCfg = Debug|Any CPU
		{69315FE3-515F-4BDE-9E98-69CC049F4791}.Debug|Any CPU.Build.0 = Debug|Any CPU
		{69315FE3-515F-4BDE-9E98-69CC049F4791}.Debug|x64.ActiveCfg = Debug|Any CPU
		{69315FE3-515F-4BDE-9E98-69CC049F4791}.Debug|x64.Build.0 = Debug|Any CPU
		{69315FE3-515F-4BDE-9E98-69CC049F4791}.Debug|x86.ActiveCfg = Debug|Any CPU
		{69315FE3-515F-4BDE-9E98-69CC049F4791}.Debug|x86.Build.0 = Debug|Any CPU
		{69315FE3-515F-4BDE-9E98-69CC049F4791}.Release|Any CPU.ActiveCfg = Release|Any CPU
		{69315FE3-515F-4BDE-9E98-69CC049F4791}.Release|Any CPU.Build.0 = Release|Any CPU
		{69315FE3-515F-4BDE-9E98-69CC049F4791}.Release|x64.ActiveCfg = Release|Any CPU
		{69315FE3-515F-4BDE-9E98-69CC049F4791}.Release|x64.Build.0 = Release|Any CPU
		{69315FE3-515F-4BDE-9E98-69CC049F4791}.Release|x86.ActiveCfg = Release|Any CPU
		{69315FE3-515F-4BDE-9E98-69CC049F4791}.Release|x86.Build.0 = Release|Any CPU
		{C914ABEB-4419-49E9-B766-B5628F140F9C}.Debug|Any CPU.ActiveCfg = Debug|Any CPU
		{C914ABEB-4419-49E9-B766-B5628F140F9C}.Debug|Any CPU.Build.0 = Debug|Any CPU
		{C914ABEB-4419-49E9-B766-B5628F140F9C}.Debug|x64.ActiveCfg = Debug|Any CPU
		{C914ABEB-4419-49E9-B766-B5628F140F9C}.Debug|x64.Build.0 = Debug|Any CPU
		{C914ABEB-4419-49E9-B766-B5628F140F9C}.Debug|x86.ActiveCfg = Debug|Any CPU
		{C914ABEB-4419-49E9-B766-B5628F140F9C}.Debug|x86.Build.0 = Debug|Any CPU
		{C914ABEB-4419-49E9-B766-B5628F140F9C}.Release|Any CPU.ActiveCfg = Release|Any CPU
		{C914ABEB-4419-49E9-B766-B5628F140F9C}.Release|Any CPU.Build.0 = Release|Any CPU
		{C914ABEB-4419-49E9-B766-B5628F140F9C}.Release|x64.ActiveCfg = Release|Any CPU
		{C914ABEB-4419-49E9-B766-B5628F140F9C}.Release|x64.Build.0 = Release|Any CPU
		{C914ABEB-4419-49E9-B766-B5628F140F9C}.Release|x86.ActiveCfg = Release|Any CPU
		{C914ABEB-4419-49E9-B766-B5628F140F9C}.Release|x86.Build.0 = Release|Any CPU
		{C5302C3D-D035-4A48-850D-FD8109970F3B}.Debug|Any CPU.ActiveCfg = Debug|Any CPU
		{C5302C3D-D035-4A48-850D-FD8109970F3B}.Debug|Any CPU.Build.0 = Debug|Any CPU
		{C5302C3D-D035-4A48-850D-FD8109970F3B}.Debug|x64.ActiveCfg = Debug|Any CPU
		{C5302C3D-D035-4A48-850D-FD8109970F3B}.Debug|x64.Build.0 = Debug|Any CPU
		{C5302C3D-D035-4A48-850D-FD8109970F3B}.Debug|x86.ActiveCfg = Debug|Any CPU
		{C5302C3D-D035-4A48-850D-FD8109970F3B}.Debug|x86.Build.0 = Debug|Any CPU
		{C5302C3D-D035-4A48-850D-FD8109970F3B}.Release|Any CPU.ActiveCfg = Release|Any CPU
		{C5302C3D-D035-4A48-850D-FD8109970F3B}.Release|Any CPU.Build.0 = Release|Any CPU
		{C5302C3D-D035-4A48-850D-FD8109970F3B}.Release|x64.ActiveCfg = Release|Any CPU
		{C5302C3D-D035-4A48-850D-FD8109970F3B}.Release|x64.Build.0 = Release|Any CPU
		{C5302C3D-D035-4A48-850D-FD8109970F3B}.Release|x86.ActiveCfg = Release|Any CPU
		{C5302C3D-D035-4A48-850D-FD8109970F3B}.Release|x86.Build.0 = Release|Any CPU
		{98A48E21-BA4E-472F-92B2-E4D1B58FB942}.Debug|Any CPU.ActiveCfg = Debug|Any CPU
		{98A48E21-BA4E-472F-92B2-E4D1B58FB942}.Debug|Any CPU.Build.0 = Debug|Any CPU
		{98A48E21-BA4E-472F-92B2-E4D1B58FB942}.Debug|x64.ActiveCfg = Debug|Any CPU
		{98A48E21-BA4E-472F-92B2-E4D1B58FB942}.Debug|x64.Build.0 = Debug|Any CPU
		{98A48E21-BA4E-472F-92B2-E4D1B58FB942}.Debug|x86.ActiveCfg = Debug|Any CPU
		{98A48E21-BA4E-472F-92B2-E4D1B58FB942}.Debug|x86.Build.0 = Debug|Any CPU
		{98A48E21-BA4E-472F-92B2-E4D1B58FB942}.Release|Any CPU.ActiveCfg = Release|Any CPU
		{98A48E21-BA4E-472F-92B2-E4D1B58FB942}.Release|Any CPU.Build.0 = Release|Any CPU
		{98A48E21-BA4E-472F-92B2-E4D1B58FB942}.Release|x64.ActiveCfg = Release|Any CPU
		{98A48E21-BA4E-472F-92B2-E4D1B58FB942}.Release|x64.Build.0 = Release|Any CPU
		{98A48E21-BA4E-472F-92B2-E4D1B58FB942}.Release|x86.ActiveCfg = Release|Any CPU
		{98A48E21-BA4E-472F-92B2-E4D1B58FB942}.Release|x86.Build.0 = Release|Any CPU
		{CDF1BBF2-83BB-417C-8BEC-C3114A5C7FAD}.Debug|Any CPU.ActiveCfg = Debug|Any CPU
		{CDF1BBF2-83BB-417C-8BEC-C3114A5C7FAD}.Debug|Any CPU.Build.0 = Debug|Any CPU
		{CDF1BBF2-83BB-417C-8BEC-C3114A5C7FAD}.Debug|x64.ActiveCfg = Debug|Any CPU
		{CDF1BBF2-83BB-417C-8BEC-C3114A5C7FAD}.Debug|x64.Build.0 = Debug|Any CPU
		{CDF1BBF2-83BB-417C-8BEC-C3114A5C7FAD}.Debug|x86.ActiveCfg = Debug|Any CPU
		{CDF1BBF2-83BB-417C-8BEC-C3114A5C7FAD}.Debug|x86.Build.0 = Debug|Any CPU
		{CDF1BBF2-83BB-417C-8BEC-C3114A5C7FAD}.Release|Any CPU.ActiveCfg = Release|Any CPU
		{CDF1BBF2-83BB-417C-8BEC-C3114A5C7FAD}.Release|Any CPU.Build.0 = Release|Any CPU
		{CDF1BBF2-83BB-417C-8BEC-C3114A5C7FAD}.Release|x64.ActiveCfg = Release|Any CPU
		{CDF1BBF2-83BB-417C-8BEC-C3114A5C7FAD}.Release|x64.Build.0 = Release|Any CPU
		{CDF1BBF2-83BB-417C-8BEC-C3114A5C7FAD}.Release|x86.ActiveCfg = Release|Any CPU
		{CDF1BBF2-83BB-417C-8BEC-C3114A5C7FAD}.Release|x86.Build.0 = Release|Any CPU
	EndGlobalSection
	GlobalSection(SolutionProperties) = preSolution
		HideSolutionNode = FALSE
	EndGlobalSection
	GlobalSection(NestedProjects) = preSolution
		{8E5AE71D-D34B-AF3B-5C8F-8BBDD8575E38} = {DF7245C7-C699-954A-C32D-5046B1471D66}
		{442585C0-9DE9-483E-8624-A81BA44DEFE6} = {8E5AE71D-D34B-AF3B-5C8F-8BBDD8575E38}
		{7D7A3ECD-0D33-4BF7-B2C6-2F5798166EB4} = {8E5AE71D-D34B-AF3B-5C8F-8BBDD8575E38}
		{DAB5C383-5650-4744-9604-0CC198B0114E} = {8E5AE71D-D34B-AF3B-5C8F-8BBDD8575E38}
		{F873C9EF-7670-D299-05DD-7D16DC6E8F23} = {DF7245C7-C699-954A-C32D-5046B1471D66}
		{CB128801-2A63-452D-B44A-5B2E2043E857} = {F873C9EF-7670-D299-05DD-7D16DC6E8F23}
		{644751FA-626C-445E-BA82-343D8C3B8D19} = {F873C9EF-7670-D299-05DD-7D16DC6E8F23}
		{7F6C3B85-1376-B120-7EF4-00D42A28B76F} = {5854FF58-B8C5-05C6-5BF2-ACE42193F22B}
		{8B0A4229-D05D-725C-CCF4-4343A7684B82} = {7F6C3B85-1376-B120-7EF4-00D42A28B76F}
		{66E61813-33B1-4F16-93F5-602F5E98E649} = {8B0A4229-D05D-725C-CCF4-4343A7684B82}
		{C3C0A2DC-4A57-4F20-A06F-C0DDE1E2A81E} = {8B0A4229-D05D-725C-CCF4-4343A7684B82}
		{BC7BAE4D-DDE1-4B32-B221-449FFCB48FCA} = {8B0A4229-D05D-725C-CCF4-4343A7684B82}
		{11EF929B-DD6E-4E0D-AD33-0B97FBA1DFAE} = {7F6C3B85-1376-B120-7EF4-00D42A28B76F}
		{F5F1C2DA-70BC-E74A-B11F-A0E8F7DA6F4E} = {5854FF58-B8C5-05C6-5BF2-ACE42193F22B}
		{A9B681B3-CFA4-230D-2C56-CB78610633F5} = {F5F1C2DA-70BC-E74A-B11F-A0E8F7DA6F4E}
		{EE03A47D-2411-499B-87A2-3FB8B2F9C1F1} = {A9B681B3-CFA4-230D-2C56-CB78610633F5}
		{585535DD-DE4B-4844-8824-8BB3051C92DA} = {A9B681B3-CFA4-230D-2C56-CB78610633F5}
		{267487A6-7515-4094-B52A-35B1E50FA022} = {A9B681B3-CFA4-230D-2C56-CB78610633F5}
		{69315FE3-515F-4BDE-9E98-69CC049F4791} = {F5F1C2DA-70BC-E74A-B11F-A0E8F7DA6F4E}
		{004C944D-3292-F589-3FB7-AF8DE6828D0B} = {5854FF58-B8C5-05C6-5BF2-ACE42193F22B}
		{C914ABEB-4419-49E9-B766-B5628F140F9C} = {004C944D-3292-F589-3FB7-AF8DE6828D0B}
		{C5302C3D-D035-4A48-850D-FD8109970F3B} = {004C944D-3292-F589-3FB7-AF8DE6828D0B}
		{98A48E21-BA4E-472F-92B2-E4D1B58FB942} = {004C944D-3292-F589-3FB7-AF8DE6828D0B}
		{CDF1BBF2-83BB-417C-8BEC-C3114A5C7FAD} = {004C944D-3292-F589-3FB7-AF8DE6828D0B}
	EndGlobalSection
EndGlobal
